// !$*UTF8*$!
{
	archiveVersion = 1;
	classes = {
	};
	objectVersion = 46;
	objects = {

/* Begin PBXBuildFile section */
		2C08696F199003AA004BC570 /* Foundation.framework in Frameworks */ = {isa = PBXBuildFile; fileRef = 2C08696E199003AA004BC570 /* Foundation.framework */; };
		2C086971199003AA004BC570 /* CoreGraphics.framework in Frameworks */ = {isa = PBXBuildFile; fileRef = 2C086970199003AA004BC570 /* CoreGraphics.framework */; };
		2C086973199003AA004BC570 /* UIKit.framework in Frameworks */ = {isa = PBXBuildFile; fileRef = 2C086972199003AA004BC570 /* UIKit.framework */; };
		2C086979199003AA004BC570 /* InfoPlist.strings in Resources */ = {isa = PBXBuildFile; fileRef = 2C086977199003AA004BC570 /* InfoPlist.strings */; };
		2C08697B199003AA004BC570 /* main.m in Sources */ = {isa = PBXBuildFile; fileRef = 2C08697A199003AA004BC570 /* main.m */; };
		2C08697F199003AA004BC570 /* AppDelegate.m in Sources */ = {isa = PBXBuildFile; fileRef = 2C08697E199003AA004BC570 /* AppDelegate.m */; };
		2C086982199003AA004BC570 /* Main.storyboard in Resources */ = {isa = PBXBuildFile; fileRef = 2C086980199003AA004BC570 /* Main.storyboard */; };
		2C086985199003AA004BC570 /* ViewController.m in Sources */ = {isa = PBXBuildFile; fileRef = 2C086984199003AA004BC570 /* ViewController.m */; };
		2C086987199003AA004BC570 /* Images.xcassets in Resources */ = {isa = PBXBuildFile; fileRef = 2C086986199003AA004BC570 /* Images.xcassets */; };
		2C08698E199003AA004BC570 /* XCTest.framework in Frameworks */ = {isa = PBXBuildFile; fileRef = 2C08698D199003AA004BC570 /* XCTest.framework */; };
		2C08698F199003AA004BC570 /* Foundation.framework in Frameworks */ = {isa = PBXBuildFile; fileRef = 2C08696E199003AA004BC570 /* Foundation.framework */; };
		2C086990199003AA004BC570 /* UIKit.framework in Frameworks */ = {isa = PBXBuildFile; fileRef = 2C086972199003AA004BC570 /* UIKit.framework */; };
		2C086998199003AA004BC570 /* InfoPlist.strings in Resources */ = {isa = PBXBuildFile; fileRef = 2C086996199003AA004BC570 /* InfoPlist.strings */; };
		2C08699A199003AA004BC570 /* MeetMeUpTests.m in Sources */ = {isa = PBXBuildFile; fileRef = 2C086999199003AA004BC570 /* MeetMeUpTests.m */; };
		2C0869A519901AE3004BC570 /* DetailViewController.m in Sources */ = {isa = PBXBuildFile; fileRef = 2C0869A419901AE3004BC570 /* DetailViewController.m */; };
		2C0869A819903176004BC570 /* WebViewController.m in Sources */ = {isa = PBXBuildFile; fileRef = 2C0869A719903176004BC570 /* WebViewController.m */; };
/* End PBXBuildFile section */

/* Begin PBXContainerItemProxy section */
		2C086991199003AA004BC570 /* PBXContainerItemProxy */ = {
			isa = PBXContainerItemProxy;
			containerPortal = 2C086963199003AA004BC570 /* Project object */;
			proxyType = 1;
			remoteGlobalIDString = 2C08696A199003AA004BC570;
			remoteInfo = MeetMeUp;
		};
/* End PBXContainerItemProxy section */

/* Begin PBXFileReference section */
		2C08696B199003AA004BC570 /* MeetMeUp.app */ = {isa = PBXFileReference; explicitFileType = wrapper.application; includeInIndex = 0; path = MeetMeUp.app; sourceTree = BUILT_PRODUCTS_DIR; };
		2C08696E199003AA004BC570 /* Foundation.framework */ = {isa = PBXFileReference; lastKnownFileType = wrapper.framework; name = Foundation.framework; path = System/Library/Frameworks/Foundation.framework; sourceTree = SDKROOT; };
		2C086970199003AA004BC570 /* CoreGraphics.framework */ = {isa = PBXFileReference; lastKnownFileType = wrapper.framework; name = CoreGraphics.framework; path = System/Library/Frameworks/CoreGraphics.framework; sourceTree = SDKROOT; };
		2C086972199003AA004BC570 /* UIKit.framework */ = {isa = PBXFileReference; lastKnownFileType = wrapper.framework; name = UIKit.framework; path = System/Library/Frameworks/UIKit.framework; sourceTree = SDKROOT; };
		2C086976199003AA004BC570 /* MeetMeUp-Info.plist */ = {isa = PBXFileReference; lastKnownFileType = text.plist.xml; path = "MeetMeUp-Info.plist"; sourceTree = "<group>"; };
		2C086978199003AA004BC570 /* en */ = {isa = PBXFileReference; lastKnownFileType = text.plist.strings; name = en; path = en.lproj/InfoPlist.strings; sourceTree = "<group>"; };
		2C08697A199003AA004BC570 /* main.m */ = {isa = PBXFileReference; lastKnownFileType = sourcecode.c.objc; path = main.m; sourceTree = "<group>"; };
		2C08697C199003AA004BC570 /* MeetMeUp-Prefix.pch */ = {isa = PBXFileReference; lastKnownFileType = sourcecode.c.h; path = "MeetMeUp-Prefix.pch"; sourceTree = "<group>"; };
		2C08697D199003AA004BC570 /* AppDelegate.h */ = {isa = PBXFileReference; lastKnownFileType = sourcecode.c.h; path = AppDelegate.h; sourceTree = "<group>"; };
		2C08697E199003AA004BC570 /* AppDelegate.m */ = {isa = PBXFileReference; lastKnownFileType = sourcecode.c.objc; path = AppDelegate.m; sourceTree = "<group>"; };
		2C086981199003AA004BC570 /* Base */ = {isa = PBXFileReference; lastKnownFileType = file.storyboard; name = Base; path = Base.lproj/Main.storyboard; sourceTree = "<group>"; };
		2C086983199003AA004BC570 /* ViewController.h */ = {isa = PBXFileReference; lastKnownFileType = sourcecode.c.h; path = ViewController.h; sourceTree = "<group>"; };
		2C086984199003AA004BC570 /* ViewController.m */ = {isa = PBXFileReference; lastKnownFileType = sourcecode.c.objc; path = ViewController.m; sourceTree = "<group>"; };
		2C086986199003AA004BC570 /* Images.xcassets */ = {isa = PBXFileReference; lastKnownFileType = folder.assetcatalog; path = Images.xcassets; sourceTree = "<group>"; };
		2C08698C199003AA004BC570 /* MeetMeUpTests.xctest */ = {isa = PBXFileReference; explicitFileType = wrapper.cfbundle; includeInIndex = 0; path = MeetMeUpTests.xctest; sourceTree = BUILT_PRODUCTS_DIR; };
		2C08698D199003AA004BC570 /* XCTest.framework */ = {isa = PBXFileReference; lastKnownFileType = wrapper.framework; name = XCTest.framework; path = Library/Frameworks/XCTest.framework; sourceTree = DEVELOPER_DIR; };
		2C086995199003AA004BC570 /* MeetMeUpTests-Info.plist */ = {isa = PBXFileReference; lastKnownFileType = text.plist.xml; path = "MeetMeUpTests-Info.plist"; sourceTree = "<group>"; };
		2C086997199003AA004BC570 /* en */ = {isa = PBXFileReference; lastKnownFileType = text.plist.strings; name = en; path = en.lproj/InfoPlist.strings; sourceTree = "<group>"; };
		2C086999199003AA004BC570 /* MeetMeUpTests.m */ = {isa = PBXFileReference; lastKnownFileType = sourcecode.c.objc; path = MeetMeUpTests.m; sourceTree = "<group>"; };
		2C0869A319901AE3004BC570 /* DetailViewController.h */ = {isa = PBXFileReference; fileEncoding = 4; lastKnownFileType = sourcecode.c.h; path = DetailViewController.h; sourceTree = "<group>"; };
		2C0869A419901AE3004BC570 /* DetailViewController.m */ = {isa = PBXFileReference; fileEncoding = 4; lastKnownFileType = sourcecode.c.objc; path = DetailViewController.m; sourceTree = "<group>"; };
		2C0869A619903176004BC570 /* WebViewController.h */ = {isa = PBXFileReference; fileEncoding = 4; lastKnownFileType = sourcecode.c.h; path = WebViewController.h; sourceTree = "<group>"; };
		2C0869A719903176004BC570 /* WebViewController.m */ = {isa = PBXFileReference; fileEncoding = 4; lastKnownFileType = sourcecode.c.objc; path = WebViewController.m; sourceTree = "<group>"; };
/* End PBXFileReference section */

/* Begin PBXFrameworksBuildPhase section */
		2C086968199003AA004BC570 /* Frameworks */ = {
			isa = PBXFrameworksBuildPhase;
			buildActionMask = 2147483647;
			files = (
				2C086971199003AA004BC570 /* CoreGraphics.framework in Frameworks */,
				2C086973199003AA004BC570 /* UIKit.framework in Frameworks */,
				2C08696F199003AA004BC570 /* Foundation.framework in Frameworks */,
			);
			runOnlyForDeploymentPostprocessing = 0;
		};
		2C086989199003AA004BC570 /* Frameworks */ = {
			isa = PBXFrameworksBuildPhase;
			buildActionMask = 2147483647;
			files = (
				2C08698E199003AA004BC570 /* XCTest.framework in Frameworks */,
				2C086990199003AA004BC570 /* UIKit.framework in Frameworks */,
				2C08698F199003AA004BC570 /* Foundation.framework in Frameworks */,
			);
			runOnlyForDeploymentPostprocessing = 0;
		};
/* End PBXFrameworksBuildPhase section */

/* Begin PBXGroup section */
		2C086962199003AA004BC570 = {
			isa = PBXGroup;
			children = (
				2C086974199003AA004BC570 /* MeetMeUp */,
				2C086993199003AA004BC570 /* MeetMeUpTests */,
				2C08696D199003AA004BC570 /* Frameworks */,
				2C08696C199003AA004BC570 /* Products */,
			);
			sourceTree = "<group>";
		};
		2C08696C199003AA004BC570 /* Products */ = {
			isa = PBXGroup;
			children = (
				2C08696B199003AA004BC570 /* MeetMeUp.app */,
				2C08698C199003AA004BC570 /* MeetMeUpTests.xctest */,
			);
			name = Products;
			sourceTree = "<group>";
		};
		2C08696D199003AA004BC570 /* Frameworks */ = {
			isa = PBXGroup;
			children = (
				2C08696E199003AA004BC570 /* Foundation.framework */,
				2C086970199003AA004BC570 /* CoreGraphics.framework */,
				2C086972199003AA004BC570 /* UIKit.framework */,
				2C08698D199003AA004BC570 /* XCTest.framework */,
			);
			name = Frameworks;
			sourceTree = "<group>";
		};
		2C086974199003AA004BC570 /* MeetMeUp */ = {
			isa = PBXGroup;
			children = (
				2C08697D199003AA004BC570 /* AppDelegate.h */,
				2C08697E199003AA004BC570 /* AppDelegate.m */,
				2C086980199003AA004BC570 /* Main.storyboard */,
				2C086983199003AA004BC570 /* ViewController.h */,
				2C086984199003AA004BC570 /* ViewController.m */,
				2C0869A319901AE3004BC570 /* DetailViewController.h */,
				2C0869A419901AE3004BC570 /* DetailViewController.m */,
				2C086986199003AA004BC570 /* Images.xcassets */,
				2C086975199003AA004BC570 /* Supporting Files */,
				2C0869A619903176004BC570 /* WebViewController.h */,
				2C0869A719903176004BC570 /* WebViewController.m */,
			);
			path = MeetMeUp;
			sourceTree = "<group>";
		};
		2C086975199003AA004BC570 /* Supporting Files */ = {
			isa = PBXGroup;
			children = (
				2C086976199003AA004BC570 /* MeetMeUp-Info.plist */,
				2C086977199003AA004BC570 /* InfoPlist.strings */,
				2C08697A199003AA004BC570 /* main.m */,
				2C08697C199003AA004BC570 /* MeetMeUp-Prefix.pch */,
			);
			name = "Supporting Files";
			sourceTree = "<group>";
		};
		2C086993199003AA004BC570 /* MeetMeUpTests */ = {
			isa = PBXGroup;
			children = (
				2C086999199003AA004BC570 /* MeetMeUpTests.m */,
				2C086994199003AA004BC570 /* Supporting Files */,
			);
			path = MeetMeUpTests;
			sourceTree = "<group>";
		};
		2C086994199003AA004BC570 /* Supporting Files */ = {
			isa = PBXGroup;
			children = (
				2C086995199003AA004BC570 /* MeetMeUpTests-Info.plist */,
				2C086996199003AA004BC570 /* InfoPlist.strings */,
			);
			name = "Supporting Files";
			sourceTree = "<group>";
		};
/* End PBXGroup section */

/* Begin PBXNativeTarget section */
		2C08696A199003AA004BC570 /* MeetMeUp */ = {
			isa = PBXNativeTarget;
			buildConfigurationList = 2C08699D199003AA004BC570 /* Build configuration list for PBXNativeTarget "MeetMeUp" */;
			buildPhases = (
				2C086967199003AA004BC570 /* Sources */,
				2C086968199003AA004BC570 /* Frameworks */,
				2C086969199003AA004BC570 /* Resources */,
			);
			buildRules = (
			);
			dependencies = (
			);
			name = MeetMeUp;
			productName = MeetMeUp;
			productReference = 2C08696B199003AA004BC570 /* MeetMeUp.app */;
			productType = "com.apple.product-type.application";
		};
		2C08698B199003AA004BC570 /* MeetMeUpTests */ = {
			isa = PBXNativeTarget;
			buildConfigurationList = 2C0869A0199003AA004BC570 /* Build configuration list for PBXNativeTarget "MeetMeUpTests" */;
			buildPhases = (
				2C086988199003AA004BC570 /* Sources */,
				2C086989199003AA004BC570 /* Frameworks */,
				2C08698A199003AA004BC570 /* Resources */,
			);
			buildRules = (
			);
			dependencies = (
				2C086992199003AA004BC570 /* PBXTargetDependency */,
			);
			name = MeetMeUpTests;
			productName = MeetMeUpTests;
			productReference = 2C08698C199003AA004BC570 /* MeetMeUpTests.xctest */;
			productType = "com.apple.product-type.bundle.unit-test";
		};
/* End PBXNativeTarget section */

/* Begin PBXProject section */
		2C086963199003AA004BC570 /* Project object */ = {
			isa = PBXProject;
			attributes = {
				LastUpgradeCheck = 0510;
				ORGANIZATIONNAME = "Mobile Makers";
				TargetAttributes = {
					2C08698B199003AA004BC570 = {
						TestTargetID = 2C08696A199003AA004BC570;
					};
				};
			};
			buildConfigurationList = 2C086966199003AA004BC570 /* Build configuration list for PBXProject "MeetMeUp" */;
			compatibilityVersion = "Xcode 3.2";
			developmentRegion = English;
			hasScannedForEncodings = 0;
			knownRegions = (
				en,
				Base,
			);
			mainGroup = 2C086962199003AA004BC570;
			productRefGroup = 2C08696C199003AA004BC570 /* Products */;
			projectDirPath = "";
			projectRoot = "";
			targets = (
				2C08696A199003AA004BC570 /* MeetMeUp */,
				2C08698B199003AA004BC570 /* MeetMeUpTests */,
			);
		};
/* End PBXProject section */

/* Begin PBXResourcesBuildPhase section */
		2C086969199003AA004BC570 /* Resources */ = {
			isa = PBXResourcesBuildPhase;
			buildActionMask = 2147483647;
			files = (
				2C086987199003AA004BC570 /* Images.xcassets in Resources */,
				2C086979199003AA004BC570 /* InfoPlist.strings in Resources */,
				2C086982199003AA004BC570 /* Main.storyboard in Resources */,
			);
			runOnlyForDeploymentPostprocessing = 0;
		};
		2C08698A199003AA004BC570 /* Resources */ = {
			isa = PBXResourcesBuildPhase;
			buildActionMask = 2147483647;
			files = (
				2C086998199003AA004BC570 /* InfoPlist.strings in Resources */,
			);
			runOnlyForDeploymentPostprocessing = 0;
		};
/* End PBXResourcesBuildPhase section */

/* Begin PBXSourcesBuildPhase section */
		2C086967199003AA004BC570 /* Sources */ = {
			isa = PBXSourcesBuildPhase;
			buildActionMask = 2147483647;
			files = (
				2C086985199003AA004BC570 /* ViewController.m in Sources */,
				2C0869A819903176004BC570 /* WebViewController.m in Sources */,
				2C08697F199003AA004BC570 /* AppDelegate.m in Sources */,
				2C08697B199003AA004BC570 /* main.m in Sources */,
				2C0869A519901AE3004BC570 /* DetailViewController.m in Sources */,
			);
			runOnlyForDeploymentPostprocessing = 0;
		};
		2C086988199003AA004BC570 /* Sources */ = {
			isa = PBXSourcesBuildPhase;
			buildActionMask = 2147483647;
			files = (
				2C08699A199003AA004BC570 /* MeetMeUpTests.m in Sources */,
			);
			runOnlyForDeploymentPostprocessing = 0;
		};
/* End PBXSourcesBuildPhase section */

/* Begin PBXTargetDependency section */
		2C086992199003AA004BC570 /* PBXTargetDependency */ = {
			isa = PBXTargetDependency;
			target = 2C08696A199003AA004BC570 /* MeetMeUp */;
			targetProxy = 2C086991199003AA004BC570 /* PBXContainerItemProxy */;
		};
/* End PBXTargetDependency section */

/* Begin PBXVariantGroup section */
		2C086977199003AA004BC570 /* InfoPlist.strings */ = {
			isa = PBXVariantGroup;
			children = (
				2C086978199003AA004BC570 /* en */,
			);
			name = InfoPlist.strings;
			sourceTree = "<group>";
		};
		2C086980199003AA004BC570 /* Main.storyboard */ = {
			isa = PBXVariantGroup;
			children = (
				2C086981199003AA004BC570 /* Base */,
			);
			name = Main.storyboard;
			sourceTree = "<group>";
		};
		2C086996199003AA004BC570 /* InfoPlist.strings */ = {
			isa = PBXVariantGroup;
			children = (
				2C086997199003AA004BC570 /* en */,
			);
			name = InfoPlist.strings;
			sourceTree = "<group>";
		};
/* End PBXVariantGroup section */

/* Begin XCBuildConfiguration section */
		2C08699B199003AA004BC570 /* Debug */ = {
			isa = XCBuildConfiguration;
			buildSettings = {
				ALWAYS_SEARCH_USER_PATHS = NO;
				CLANG_CXX_LANGUAGE_STANDARD = "gnu++0x";
				CLANG_CXX_LIBRARY = "libc++";
				CLANG_ENABLE_MODULES = YES;
				CLANG_ENABLE_OBJC_ARC = YES;
				CLANG_WARN_BOOL_CONVERSION = YES;
				CLANG_WARN_CONSTANT_CONVERSION = YES;
				CLANG_WARN_DIRECT_OBJC_ISA_USAGE = YES_ERROR;
				CLANG_WARN_EMPTY_BODY = YES;
				CLANG_WARN_ENUM_CONVERSION = YES;
				CLANG_WARN_INT_CONVERSION = YES;
				CLANG_WARN_OBJC_ROOT_CLASS = YES_ERROR;
				CLANG_WARN__DUPLICATE_METHOD_MATCH = YES;
				"CODE_SIGN_IDENTITY[sdk=iphoneos*]" = "iPhone Developer";
				COPY_PHASE_STRIP = NO;
				GCC_C_LANGUAGE_STANDARD = gnu99;
				GCC_DYNAMIC_NO_PIC = NO;
				GCC_OPTIMIZATION_LEVEL = 0;
				GCC_PREPROCESSOR_DEFINITIONS = (
					"DEBUG=1",
					"$(inherited)",
				);
				GCC_SYMBOLS_PRIVATE_EXTERN = NO;
				GCC_WARN_64_TO_32_BIT_CONVERSION = YES;
				GCC_WARN_ABOUT_RETURN_TYPE = YES_ERROR;
				GCC_WARN_UNDECLARED_SELECTOR = YES;
				GCC_WARN_UNINITIALIZED_AUTOS = YES_AGGRESSIVE;
				GCC_WARN_UNUSED_FUNCTION = YES;
				GCC_WARN_UNUSED_VARIABLE = YES;
				IPHONEOS_DEPLOYMENT_TARGET = 7.1;
				ONLY_ACTIVE_ARCH = YES;
				SDKROOT = iphoneos;
			};
			name = Debug;
		};
		2C08699C199003AA004BC570 /* Release */ = {
			isa = XCBuildConfiguration;
			buildSettings = {
				ALWAYS_SEARCH_USER_PATHS = NO;
				CLANG_CXX_LANGUAGE_STANDARD = "gnu++0x";
				CLANG_CXX_LIBRARY = "libc++";
				CLANG_ENABLE_MODULES = YES;
				CLANG_ENABLE_OBJC_ARC = YES;
				CLANG_WARN_BOOL_CONVERSION = YES;
				CLANG_WARN_CONSTANT_CONVERSION = YES;
				CLANG_WARN_DIRECT_OBJC_ISA_USAGE = YES_ERROR;
				CLANG_WARN_EMPTY_BODY = YES;
				CLANG_WARN_ENUM_CONVERSION = YES;
				CLANG_WARN_INT_CONVERSION = YES;
				CLANG_WARN_OBJC_ROOT_CLASS = YES_ERROR;
				CLANG_WARN__DUPLICATE_METHOD_MATCH = YES;
				"CODE_SIGN_IDENTITY[sdk=iphoneos*]" = "iPhone Developer";
				COPY_PHASE_STRIP = YES;
				ENABLE_NS_ASSERTIONS = NO;
				GCC_C_LANGUAGE_STANDARD = gnu99;
				GCC_WARN_64_TO_32_BIT_CONVERSION = YES;
				GCC_WARN_ABOUT_RETURN_TYPE = YES_ERROR;
				GCC_WARN_UNDECLARED_SELECTOR = YES;
				GCC_WARN_UNINITIALIZED_AUTOS = YES_AGGRESSIVE;
				GCC_WARN_UNUSED_FUNCTION = YES;
				GCC_WARN_UNUSED_VARIABLE = YES;
				IPHONEOS_DEPLOYMENT_TARGET = 7.1;
				SDKROOT = iphoneos;
				VALIDATE_PRODUCT = YES;
			};
			name = Release;
		};
		2C08699E199003AA004BC570 /* Debug */ = {
			isa = XCBuildConfiguration;
			buildSettings = {
				ASSETCATALOG_COMPILER_APPICON_NAME = AppIcon;
				ASSETCATALOG_COMPILER_LAUNCHIMAGE_NAME = LaunchImage;
				GCC_PRECOMPILE_PREFIX_HEADER = YES;
				GCC_PREFIX_HEADER = "MeetMeUp/MeetMeUp-Prefix.pch";
				INFOPLIST_FILE = "MeetMeUp/MeetMeUp-Info.plist";
				PRODUCT_NAME = "$(TARGET_NAME)";
				WRAPPER_EXTENSION = app;
			};
			name = Debug;
		};
		2C08699F199003AA004BC570 /* Release */ = {
			isa = XCBuildConfiguration;
			buildSettings = {
				ASSETCATALOG_COMPILER_APPICON_NAME = AppIcon;
				ASSETCATALOG_COMPILER_LAUNCHIMAGE_NAME = LaunchImage;
				GCC_PRECOMPILE_PREFIX_HEADER = YES;
				GCC_PREFIX_HEADER = "MeetMeUp/MeetMeUp-Prefix.pch";
				INFOPLIST_FILE = "MeetMeUp/MeetMeUp-Info.plist";
				PRODUCT_NAME = "$(TARGET_NAME)";
				WRAPPER_EXTENSION = app;
			};
			name = Release;
		};
		2C0869A1199003AA004BC570 /* Debug */ = {
			isa = XCBuildConfiguration;
			buildSettings = {
				BUNDLE_LOADER = "$(BUILT_PRODUCTS_DIR)/MeetMeUp.app/MeetMeUp";
				FRAMEWORK_SEARCH_PATHS = (
					"$(SDKROOT)/Developer/Library/Frameworks",
					"$(inherited)",
					"$(DEVELOPER_FRAMEWORKS_DIR)",
				);
				GCC_PRECOMPILE_PREFIX_HEADER = YES;
				GCC_PREFIX_HEADER = "MeetMeUp/MeetMeUp-Prefix.pch";
				GCC_PREPROCESSOR_DEFINITIONS = (
					"DEBUG=1",
					"$(inherited)",
				);
				INFOPLIST_FILE = "MeetMeUpTests/MeetMeUpTests-Info.plist";
				PRODUCT_NAME = "$(TARGET_NAME)";
				TEST_HOST = "$(BUNDLE_LOADER)";
				WRAPPER_EXTENSION = xctest;
			};
			name = Debug;
		};
		2C0869A2199003AA004BC570 /* Release */ = {
			isa = XCBuildConfiguration;
			buildSettings = {
				BUNDLE_LOADER = "$(BUILT_PRODUCTS_DIR)/MeetMeUp.app/MeetMeUp";
				FRAMEWORK_SEARCH_PATHS = (
					"$(SDKROOT)/Developer/Library/Frameworks",
					"$(inherited)",
					"$(DEVELOPER_FRAMEWORKS_DIR)",
				);
				GCC_PRECOMPILE_PREFIX_HEADER = YES;
				GCC_PREFIX_HEADER = "MeetMeUp/MeetMeUp-Prefix.pch";
				INFOPLIST_FILE = "MeetMeUpTests/MeetMeUpTests-Info.plist";
				PRODUCT_NAME = "$(TARGET_NAME)";
				TEST_HOST = "$(BUNDLE_LOADER)";
				WRAPPER_EXTENSION = xctest;
			};
			name = Release;
		};
/* End XCBuildConfiguration section */

/* Begin XCConfigurationList section */
		2C086966199003AA004BC570 /* Build configuration list for PBXProject "MeetMeUp" */ = {
			isa = XCConfigurationList;
			buildConfigurations = (
				2C08699B199003AA004BC570 /* Debug */,
				2C08699C199003AA004BC570 /* Release */,
			);
			defaultConfigurationIsVisible = 0;
			defaultConfigurationName = Release;
		};
		2C08699D199003AA004BC570 /* Build configuration list for PBXNativeTarget "MeetMeUp" */ = {
			isa = XCConfigurationList;
			buildConfigurations = (
				2C08699E199003AA004BC570 /* Debug */,
				2C08699F199003AA004BC570 /* Release */,
			);
			defaultConfigurationIsVisible = 0;
			defaultConfigurationName = Release;
		};
		2C0869A0199003AA004BC570 /* Build configuration list for PBXNativeTarget "MeetMeUpTests" */ = {
			isa = XCConfigurationList;
			buildConfigurations = (
				2C0869A1199003AA004BC570 /* Debug */,
				2C0869A2199003AA004BC570 /* Release */,
			);
			defaultConfigurationIsVisible = 0;
			defaultConfigurationName = Release;
		};
/* End XCConfigurationList section */
	};
	rootObject = 2C086963199003AA004BC570 /* Project object */;
}
